
Microsoft Visual Studio Solution File, Format Version 12.00
# Visual Studio 15
VisualStudioVersion = 15.0.25920.0
MinimumVisualStudioVersion = 10.0.40219.1
Project("{FAE04EC0-301F-11D3-BF4B-00C04F79EFBC}") = "JustKiosk", "JustKiosk\JustKiosk.csproj", "{D4162107-7EDC-423B-B869-5AA89C5ABBBF}"
EndProject
Project("{FAE04EC0-301F-11D3-BF4B-00C04F79EFBC}") = "JustXaml", "JustXaml\JustXaml.csproj", "{BCBA2B3A-EE38-45BC-841C-44B5E1C34057}"
EndProject
Project("{FAE04EC0-301F-11D3-BF4B-00C04F79EFBC}") = "JustTrek", "JustTrek\JustTrek.csproj", "{06177661-17A2-4CE6-8CAC-D8067FDA172E}"
EndProject
Project("{FAE04EC0-301F-11D3-BF4B-00C04F79EFBC}") = "JustLines", "JustLines\JustLines.csproj", "{7D2C3AEB-6CE2-4D30-94F0-30E3F7399E49}"
EndProject
Project("{FAE04EC0-301F-11D3-BF4B-00C04F79EFBC}") = "JustPomodoro", "JustPomodoro\JustPomodoro.csproj", "{18E54F9B-55BC-4ED2-A672-3D2F0D16A654}"
EndProject
Project("{FAE04EC0-301F-11D3-BF4B-00C04F79EFBC}") = "WunderlistSdk", "WunderlistSdk\WunderlistSdk.csproj", "{543ABCEE-D235-42E1-ADDC-9382B50703A2}"
EndProject
Project("{2150E333-8FDC-42A3-9474-1A3956D46DE8}") = "JustPomodoro Project", "JustPomodoro Project", "{9F37BC3E-6366-4F00-9EE0-DA07F97B2603}"
EndProject
Global
	GlobalSection(SolutionConfigurationPlatforms) = preSolution
		Debug|Any CPU = Debug|Any CPU
		Debug|ARM = Debug|ARM
		Debug|x64 = Debug|x64
		Debug|x86 = Debug|x86
		Release|Any CPU = Release|Any CPU
		Release|ARM = Release|ARM
		Release|x64 = Release|x64
		Release|x86 = Release|x86
	EndGlobalSection
	GlobalSection(ProjectConfigurationPlatforms) = postSolution
		{D4162107-7EDC-423B-B869-5AA89C5ABBBF}.Debug|Any CPU.ActiveCfg = Debug|x86
		{D4162107-7EDC-423B-B869-5AA89C5ABBBF}.Debug|ARM.ActiveCfg = Debug|ARM
		{D4162107-7EDC-423B-B869-5AA89C5ABBBF}.Debug|ARM.Build.0 = Debug|ARM
		{D4162107-7EDC-423B-B869-5AA89C5ABBBF}.Debug|ARM.Deploy.0 = Debug|ARM
		{D4162107-7EDC-423B-B869-5AA89C5ABBBF}.Debug|x64.ActiveCfg = Debug|x64
		{D4162107-7EDC-423B-B869-5AA89C5ABBBF}.Debug|x64.Build.0 = Debug|x64
		{D4162107-7EDC-423B-B869-5AA89C5ABBBF}.Debug|x64.Deploy.0 = Debug|x64
		{D4162107-7EDC-423B-B869-5AA89C5ABBBF}.Debug|x86.ActiveCfg = Debug|x86
		{D4162107-7EDC-423B-B869-5AA89C5ABBBF}.Debug|x86.Build.0 = Debug|x86
		{D4162107-7EDC-423B-B869-5AA89C5ABBBF}.Debug|x86.Deploy.0 = Debug|x86
		{D4162107-7EDC-423B-B869-5AA89C5ABBBF}.Release|Any CPU.ActiveCfg = Release|x86
		{D4162107-7EDC-423B-B869-5AA89C5ABBBF}.Release|ARM.ActiveCfg = Release|ARM
		{D4162107-7EDC-423B-B869-5AA89C5ABBBF}.Release|ARM.Build.0 = Release|ARM
		{D4162107-7EDC-423B-B869-5AA89C5ABBBF}.Release|ARM.Deploy.0 = Release|ARM
		{D4162107-7EDC-423B-B869-5AA89C5ABBBF}.Release|x64.ActiveCfg = Release|x64
		{D4162107-7EDC-423B-B869-5AA89C5ABBBF}.Release|x64.Build.0 = Release|x64
		{D4162107-7EDC-423B-B869-5AA89C5ABBBF}.Release|x64.Deploy.0 = Release|x64
		{D4162107-7EDC-423B-B869-5AA89C5ABBBF}.Release|x86.ActiveCfg = Release|x86
		{D4162107-7EDC-423B-B869-5AA89C5ABBBF}.Release|x86.Build.0 = Release|x86
		{D4162107-7EDC-423B-B869-5AA89C5ABBBF}.Release|x86.Deploy.0 = Release|x86
		{BCBA2B3A-EE38-45BC-841C-44B5E1C34057}.Debug|Any CPU.ActiveCfg = Debug|x86
		{BCBA2B3A-EE38-45BC-841C-44B5E1C34057}.Debug|ARM.ActiveCfg = Debug|ARM
		{BCBA2B3A-EE38-45BC-841C-44B5E1C34057}.Debug|ARM.Build.0 = Debug|ARM
		{BCBA2B3A-EE38-45BC-841C-44B5E1C34057}.Debug|ARM.Deploy.0 = Debug|ARM
		{BCBA2B3A-EE38-45BC-841C-44B5E1C34057}.Debug|x64.ActiveCfg = Debug|x64
		{BCBA2B3A-EE38-45BC-841C-44B5E1C34057}.Debug|x64.Build.0 = Debug|x64
		{BCBA2B3A-EE38-45BC-841C-44B5E1C34057}.Debug|x64.Deploy.0 = Debug|x64
		{BCBA2B3A-EE38-45BC-841C-44B5E1C34057}.Debug|x86.ActiveCfg = Debug|x86
		{BCBA2B3A-EE38-45BC-841C-44B5E1C34057}.Release|Any CPU.ActiveCfg = Release|x86
		{BCBA2B3A-EE38-45BC-841C-44B5E1C34057}.Release|ARM.ActiveCfg = Release|ARM
		{BCBA2B3A-EE38-45BC-841C-44B5E1C34057}.Release|ARM.Build.0 = Release|ARM
		{BCBA2B3A-EE38-45BC-841C-44B5E1C34057}.Release|ARM.Deploy.0 = Release|ARM
		{BCBA2B3A-EE38-45BC-841C-44B5E1C34057}.Release|x64.ActiveCfg = Release|x64
		{BCBA2B3A-EE38-45BC-841C-44B5E1C34057}.Release|x64.Build.0 = Release|x64
		{BCBA2B3A-EE38-45BC-841C-44B5E1C34057}.Release|x64.Deploy.0 = Release|x64
		{BCBA2B3A-EE38-45BC-841C-44B5E1C34057}.Release|x86.ActiveCfg = Release|x86
		{BCBA2B3A-EE38-45BC-841C-44B5E1C34057}.Release|x86.Build.0 = Release|x86
		{BCBA2B3A-EE38-45BC-841C-44B5E1C34057}.Release|x86.Deploy.0 = Release|x86
		{06177661-17A2-4CE6-8CAC-D8067FDA172E}.Debug|Any CPU.ActiveCfg = Debug|x86
		{06177661-17A2-4CE6-8CAC-D8067FDA172E}.Debug|ARM.ActiveCfg = Debug|ARM
		{06177661-17A2-4CE6-8CAC-D8067FDA172E}.Debug|ARM.Build.0 = Debug|ARM
		{06177661-17A2-4CE6-8CAC-D8067FDA172E}.Debug|ARM.Deploy.0 = Debug|ARM
		{06177661-17A2-4CE6-8CAC-D8067FDA172E}.Debug|x64.ActiveCfg = Debug|x64
		{06177661-17A2-4CE6-8CAC-D8067FDA172E}.Debug|x64.Build.0 = Debug|x64
		{06177661-17A2-4CE6-8CAC-D8067FDA172E}.Debug|x64.Deploy.0 = Debug|x64
		{06177661-17A2-4CE6-8CAC-D8067FDA172E}.Debug|x86.ActiveCfg = Debug|x86
		{06177661-17A2-4CE6-8CAC-D8067FDA172E}.Debug|x86.Build.0 = Debug|x86
		{06177661-17A2-4CE6-8CAC-D8067FDA172E}.Debug|x86.Deploy.0 = Debug|x86
		{06177661-17A2-4CE6-8CAC-D8067FDA172E}.Release|Any CPU.ActiveCfg = Release|x86
		{06177661-17A2-4CE6-8CAC-D8067FDA172E}.Release|ARM.ActiveCfg = Release|ARM
		{06177661-17A2-4CE6-8CAC-D8067FDA172E}.Release|ARM.Build.0 = Release|ARM
		{06177661-17A2-4CE6-8CAC-D8067FDA172E}.Release|ARM.Deploy.0 = Release|ARM
		{06177661-17A2-4CE6-8CAC-D8067FDA172E}.Release|x64.ActiveCfg = Release|x64
		{06177661-17A2-4CE6-8CAC-D8067FDA172E}.Release|x64.Build.0 = Release|x64
		{06177661-17A2-4CE6-8CAC-D8067FDA172E}.Release|x64.Deploy.0 = Release|x64
		{06177661-17A2-4CE6-8CAC-D8067FDA172E}.Release|x86.ActiveCfg = Release|x86
		{06177661-17A2-4CE6-8CAC-D8067FDA172E}.Release|x86.Build.0 = Release|x86
		{06177661-17A2-4CE6-8CAC-D8067FDA172E}.Release|x86.Deploy.0 = Release|x86
		{7D2C3AEB-6CE2-4D30-94F0-30E3F7399E49}.Debug|Any CPU.ActiveCfg = Debug|x86
		{7D2C3AEB-6CE2-4D30-94F0-30E3F7399E49}.Debug|ARM.ActiveCfg = Debug|ARM
		{7D2C3AEB-6CE2-4D30-94F0-30E3F7399E49}.Debug|ARM.Build.0 = Debug|ARM
		{7D2C3AEB-6CE2-4D30-94F0-30E3F7399E49}.Debug|ARM.Deploy.0 = Debug|ARM
		{7D2C3AEB-6CE2-4D30-94F0-30E3F7399E49}.Debug|x64.ActiveCfg = Debug|x64
		{7D2C3AEB-6CE2-4D30-94F0-30E3F7399E49}.Debug|x64.Build.0 = Debug|x64
		{7D2C3AEB-6CE2-4D30-94F0-30E3F7399E49}.Debug|x64.Deploy.0 = Debug|x64
		{7D2C3AEB-6CE2-4D30-94F0-30E3F7399E49}.Debug|x86.ActiveCfg = Debug|x86
		{7D2C3AEB-6CE2-4D30-94F0-30E3F7399E49}.Release|Any CPU.ActiveCfg = Release|x86
		{7D2C3AEB-6CE2-4D30-94F0-30E3F7399E49}.Release|ARM.ActiveCfg = Release|ARM
		{7D2C3AEB-6CE2-4D30-94F0-30E3F7399E49}.Release|ARM.Build.0 = Release|ARM
		{7D2C3AEB-6CE2-4D30-94F0-30E3F7399E49}.Release|ARM.Deploy.0 = Release|ARM
		{7D2C3AEB-6CE2-4D30-94F0-30E3F7399E49}.Release|x64.ActiveCfg = Release|x64
		{7D2C3AEB-6CE2-4D30-94F0-30E3F7399E49}.Release|x64.Build.0 = Release|x64
		{7D2C3AEB-6CE2-4D30-94F0-30E3F7399E49}.Release|x64.Deploy.0 = Release|x64
		{7D2C3AEB-6CE2-4D30-94F0-30E3F7399E49}.Release|x86.ActiveCfg = Release|x86
		{7D2C3AEB-6CE2-4D30-94F0-30E3F7399E49}.Release|x86.Build.0 = Release|x86
		{7D2C3AEB-6CE2-4D30-94F0-30E3F7399E49}.Release|x86.Deploy.0 = Release|x86
		{18E54F9B-55BC-4ED2-A672-3D2F0D16A654}.Debug|Any CPU.ActiveCfg = Debug|x86
		{18E54F9B-55BC-4ED2-A672-3D2F0D16A654}.Debug|ARM.ActiveCfg = Debug|ARM
		{18E54F9B-55BC-4ED2-A672-3D2F0D16A654}.Debug|ARM.Build.0 = Debug|ARM
		{18E54F9B-55BC-4ED2-A672-3D2F0D16A654}.Debug|ARM.Deploy.0 = Debug|ARM
		{18E54F9B-55BC-4ED2-A672-3D2F0D16A654}.Debug|x64.ActiveCfg = Debug|x64
		{18E54F9B-55BC-4ED2-A672-3D2F0D16A654}.Debug|x64.Build.0 = Debug|x64
		{18E54F9B-55BC-4ED2-A672-3D2F0D16A654}.Debug|x64.Deploy.0 = Debug|x64
		{18E54F9B-55BC-4ED2-A672-3D2F0D16A654}.Debug|x86.ActiveCfg = Debug|x86
		{18E54F9B-55BC-4ED2-A672-3D2F0D16A654}.Debug|x86.Build.0 = Debug|x86
		{18E54F9B-55BC-4ED2-A672-3D2F0D16A654}.Debug|x86.Deploy.0 = Debug|x86
		{18E54F9B-55BC-4ED2-A672-3D2F0D16A654}.Release|Any CPU.ActiveCfg = Release|x86
		{18E54F9B-55BC-4ED2-A672-3D2F0D16A654}.Release|ARM.ActiveCfg = Release|ARM
		{18E54F9B-55BC-4ED2-A672-3D2F0D16A654}.Release|ARM.Build.0 = Release|ARM
		{18E54F9B-55BC-4ED2-A672-3D2F0D16A654}.Release|ARM.Deploy.0 = Release|ARM
		{18E54F9B-55BC-4ED2-A672-3D2F0D16A654}.Release|x64.ActiveCfg = Release|x64
		{18E54F9B-55BC-4ED2-A672-3D2F0D16A654}.Release|x64.Build.0 = Release|x64
		{18E54F9B-55BC-4ED2-A672-3D2F0D16A654}.Release|x64.Deploy.0 = Release|x64
		{18E54F9B-55BC-4ED2-A672-3D2F0D16A654}.Release|x86.ActiveCfg = Release|x86
		{18E54F9B-55BC-4ED2-A672-3D2F0D16A654}.Release|x86.Build.0 = Release|x86
		{18E54F9B-55BC-4ED2-A672-3D2F0D16A654}.Release|x86.Deploy.0 = Release|x86
		{543ABCEE-D235-42E1-ADDC-9382B50703A2}.Debug|Any CPU.ActiveCfg = Debug|Any CPU
		{543ABCEE-D235-42E1-ADDC-9382B50703A2}.Debug|Any CPU.Build.0 = Debug|Any CPU
		{543ABCEE-D235-42E1-ADDC-9382B50703A2}.Debug|ARM.ActiveCfg = Debug|ARM
		{543ABCEE-D235-42E1-ADDC-9382B50703A2}.Debug|ARM.Build.0 = Debug|ARM
		{543ABCEE-D235-42E1-ADDC-9382B50703A2}.Debug|x64.ActiveCfg = Debug|x64
		{543ABCEE-D235-42E1-ADDC-9382B50703A2}.Debug|x64.Build.0 = Debug|x64
		{543ABCEE-D235-42E1-ADDC-9382B50703A2}.Debug|x86.ActiveCfg = Debug|x86
		{543ABCEE-D235-42E1-ADDC-9382B50703A2}.Debug|x86.Build.0 = Debug|x86
		{543ABCEE-D235-42E1-ADDC-9382B50703A2}.Release|Any CPU.ActiveCfg = Release|Any CPU
		{543ABCEE-D235-42E1-ADDC-9382B50703A2}.Release|Any CPU.Build.0 = Release|Any CPU
		{543ABCEE-D235-42E1-ADDC-9382B50703A2}.Release|ARM.ActiveCfg = Release|ARM
		{543ABCEE-D235-42E1-ADDC-9382B50703A2}.Release|ARM.Build.0 = Release|ARM
		{543ABCEE-D235-42E1-ADDC-9382B50703A2}.Release|x64.ActiveCfg = Release|x64
		{543ABCEE-D235-42E1-ADDC-9382B50703A2}.Release|x64.Build.0 = Release|x64
		{543ABCEE-D235-42E1-ADDC-9382B50703A2}.Release|x86.ActiveCfg = Release|x86
		{543ABCEE-D235-42E1-ADDC-9382B50703A2}.Release|x86.Build.0 = Release|x86
	EndGlobalSection
	GlobalSection(SolutionProperties) = preSolution
		HideSolutionNode = FALSE
	EndGlobalSection
	GlobalSection(NestedProjects) = preSolution
		{18E54F9B-55BC-4ED2-A672-3D2F0D16A654} = {9F37BC3E-6366-4F00-9EE0-DA07F97B2603}
		{543ABCEE-D235-42E1-ADDC-9382B50703A2} = {9F37BC3E-6366-4F00-9EE0-DA07F97B2603}
	EndGlobalSection
EndGlobal
