
Microsoft Visual Studio Solution File, Format Version 12.00
# Visual Studio 14
VisualStudioVersion = 14.0.25420.1
MinimumVisualStudioVersion = 10.0.40219.1
Project("{FAE04EC0-301F-11D3-BF4B-00C04F79EFBC}") = "JustKiosk", "JustKiosk\JustKiosk.csproj", "{D4162107-7EDC-423B-B869-5AA89C5ABBBF}"
EndProject
Project("{FAE04EC0-301F-11D3-BF4B-00C04F79EFBC}") = "App1", "App1\App1.csproj", "{3F05210E-DC69-46DF-BF3C-1D38F58FE132}"
EndProject
Project("{FAE04EC0-301F-11D3-BF4B-00C04F79EFBC}") = "JustXaml", "JustXaml\JustXaml.csproj", "{BCBA2B3A-EE38-45BC-841C-44B5E1C34057}"
EndProject
Project("{FAE04EC0-301F-11D3-BF4B-00C04F79EFBC}") = "JustTrek", "JustTrek\JustTrek.csproj", "{06177661-17A2-4CE6-8CAC-D8067FDA172E}"
EndProject
Project("{FAE04EC0-301F-11D3-BF4B-00C04F79EFBC}") = "JustLines", "JustLines\JustLines.csproj", "{7D2C3AEB-6CE2-4D30-94F0-30E3F7399E49}"
EndProject
Global
	GlobalSection(SolutionConfigurationPlatforms) = preSolution
		Debug|ARM = Debug|ARM
		Debug|x64 = Debug|x64
		Debug|x86 = Debug|x86
		Release|ARM = Release|ARM
		Release|x64 = Release|x64
		Release|x86 = Release|x86
	EndGlobalSection
	GlobalSection(ProjectConfigurationPlatforms) = postSolution
		{D4162107-7EDC-423B-B869-5AA89C5ABBBF}.Debug|ARM.ActiveCfg = Debug|ARM
		{D4162107-7EDC-423B-B869-5AA89C5ABBBF}.Debug|ARM.Build.0 = Debug|ARM
		{D4162107-7EDC-423B-B869-5AA89C5ABBBF}.Debug|ARM.Deploy.0 = Debug|ARM
		{D4162107-7EDC-423B-B869-5AA89C5ABBBF}.Debug|x64.ActiveCfg = Debug|x64
		{D4162107-7EDC-423B-B869-5AA89C5ABBBF}.Debug|x64.Build.0 = Debug|x64
		{D4162107-7EDC-423B-B869-5AA89C5ABBBF}.Debug|x64.Deploy.0 = Debug|x64
		{D4162107-7EDC-423B-B869-5AA89C5ABBBF}.Debug|x86.ActiveCfg = Debug|x86
		{D4162107-7EDC-423B-B869-5AA89C5ABBBF}.Debug|x86.Build.0 = Debug|x86
		{D4162107-7EDC-423B-B869-5AA89C5ABBBF}.Debug|x86.Deploy.0 = Debug|x86
		{D4162107-7EDC-423B-B869-5AA89C5ABBBF}.Release|ARM.ActiveCfg = Release|ARM
		{D4162107-7EDC-423B-B869-5AA89C5ABBBF}.Release|ARM.Build.0 = Release|ARM
		{D4162107-7EDC-423B-B869-5AA89C5ABBBF}.Release|ARM.Deploy.0 = Release|ARM
		{D4162107-7EDC-423B-B869-5AA89C5ABBBF}.Release|x64.ActiveCfg = Release|x64
		{D4162107-7EDC-423B-B869-5AA89C5ABBBF}.Release|x64.Build.0 = Release|x64
		{D4162107-7EDC-423B-B869-5AA89C5ABBBF}.Release|x64.Deploy.0 = Release|x64
		{D4162107-7EDC-423B-B869-5AA89C5ABBBF}.Release|x86.ActiveCfg = Release|x86
		{D4162107-7EDC-423B-B869-5AA89C5ABBBF}.Release|x86.Build.0 = Release|x86
		{D4162107-7EDC-423B-B869-5AA89C5ABBBF}.Release|x86.Deploy.0 = Release|x86
		{3F05210E-DC69-46DF-BF3C-1D38F58FE132}.Debug|ARM.ActiveCfg = Debug|ARM
		{3F05210E-DC69-46DF-BF3C-1D38F58FE132}.Debug|ARM.Build.0 = Debug|ARM
		{3F05210E-DC69-46DF-BF3C-1D38F58FE132}.Debug|ARM.Deploy.0 = Debug|ARM
		{3F05210E-DC69-46DF-BF3C-1D38F58FE132}.Debug|x64.ActiveCfg = Debug|x64
		{3F05210E-DC69-46DF-BF3C-1D38F58FE132}.Debug|x64.Build.0 = Debug|x64
		{3F05210E-DC69-46DF-BF3C-1D38F58FE132}.Debug|x64.Deploy.0 = Debug|x64
		{3F05210E-DC69-46DF-BF3C-1D38F58FE132}.Debug|x86.ActiveCfg = Debug|x86
		{3F05210E-DC69-46DF-BF3C-1D38F58FE132}.Debug|x86.Build.0 = Debug|x86
		{3F05210E-DC69-46DF-BF3C-1D38F58FE132}.Debug|x86.Deploy.0 = Debug|x86
		{3F05210E-DC69-46DF-BF3C-1D38F58FE132}.Release|ARM.ActiveCfg = Release|ARM
		{3F05210E-DC69-46DF-BF3C-1D38F58FE132}.Release|ARM.Build.0 = Release|ARM
		{3F05210E-DC69-46DF-BF3C-1D38F58FE132}.Release|ARM.Deploy.0 = Release|ARM
		{3F05210E-DC69-46DF-BF3C-1D38F58FE132}.Release|x64.ActiveCfg = Release|x64
		{3F05210E-DC69-46DF-BF3C-1D38F58FE132}.Release|x64.Build.0 = Release|x64
		{3F05210E-DC69-46DF-BF3C-1D38F58FE132}.Release|x64.Deploy.0 = Release|x64
		{3F05210E-DC69-46DF-BF3C-1D38F58FE132}.Release|x86.ActiveCfg = Release|x86
		{3F05210E-DC69-46DF-BF3C-1D38F58FE132}.Release|x86.Build.0 = Release|x86
		{3F05210E-DC69-46DF-BF3C-1D38F58FE132}.Release|x86.Deploy.0 = Release|x86
		{BCBA2B3A-EE38-45BC-841C-44B5E1C34057}.Debug|ARM.ActiveCfg = Debug|ARM
		{BCBA2B3A-EE38-45BC-841C-44B5E1C34057}.Debug|ARM.Build.0 = Debug|ARM
		{BCBA2B3A-EE38-45BC-841C-44B5E1C34057}.Debug|ARM.Deploy.0 = Debug|ARM
		{BCBA2B3A-EE38-45BC-841C-44B5E1C34057}.Debug|x64.ActiveCfg = Debug|x64
		{BCBA2B3A-EE38-45BC-841C-44B5E1C34057}.Debug|x64.Build.0 = Debug|x64
		{BCBA2B3A-EE38-45BC-841C-44B5E1C34057}.Debug|x64.Deploy.0 = Debug|x64
		{BCBA2B3A-EE38-45BC-841C-44B5E1C34057}.Debug|x86.ActiveCfg = Debug|x86
		{BCBA2B3A-EE38-45BC-841C-44B5E1C34057}.Debug|x86.Build.0 = Debug|x86
		{BCBA2B3A-EE38-45BC-841C-44B5E1C34057}.Debug|x86.Deploy.0 = Debug|x86
		{BCBA2B3A-EE38-45BC-841C-44B5E1C34057}.Release|ARM.ActiveCfg = Release|ARM
		{BCBA2B3A-EE38-45BC-841C-44B5E1C34057}.Release|ARM.Build.0 = Release|ARM
		{BCBA2B3A-EE38-45BC-841C-44B5E1C34057}.Release|ARM.Deploy.0 = Release|ARM
		{BCBA2B3A-EE38-45BC-841C-44B5E1C34057}.Release|x64.ActiveCfg = Release|x64
		{BCBA2B3A-EE38-45BC-841C-44B5E1C34057}.Release|x64.Build.0 = Release|x64
		{BCBA2B3A-EE38-45BC-841C-44B5E1C34057}.Release|x64.Deploy.0 = Release|x64
		{BCBA2B3A-EE38-45BC-841C-44B5E1C34057}.Release|x86.ActiveCfg = Release|x86
		{BCBA2B3A-EE38-45BC-841C-44B5E1C34057}.Release|x86.Build.0 = Release|x86
		{BCBA2B3A-EE38-45BC-841C-44B5E1C34057}.Release|x86.Deploy.0 = Release|x86
		{06177661-17A2-4CE6-8CAC-D8067FDA172E}.Debug|ARM.ActiveCfg = Debug|ARM
		{06177661-17A2-4CE6-8CAC-D8067FDA172E}.Debug|ARM.Build.0 = Debug|ARM
		{06177661-17A2-4CE6-8CAC-D8067FDA172E}.Debug|ARM.Deploy.0 = Debug|ARM
		{06177661-17A2-4CE6-8CAC-D8067FDA172E}.Debug|x64.ActiveCfg = Debug|x64
		{06177661-17A2-4CE6-8CAC-D8067FDA172E}.Debug|x64.Build.0 = Debug|x64
		{06177661-17A2-4CE6-8CAC-D8067FDA172E}.Debug|x64.Deploy.0 = Debug|x64
		{06177661-17A2-4CE6-8CAC-D8067FDA172E}.Debug|x86.ActiveCfg = Debug|x86
		{06177661-17A2-4CE6-8CAC-D8067FDA172E}.Debug|x86.Build.0 = Debug|x86
		{06177661-17A2-4CE6-8CAC-D8067FDA172E}.Debug|x86.Deploy.0 = Debug|x86
		{06177661-17A2-4CE6-8CAC-D8067FDA172E}.Release|ARM.ActiveCfg = Release|ARM
		{06177661-17A2-4CE6-8CAC-D8067FDA172E}.Release|ARM.Build.0 = Release|ARM
		{06177661-17A2-4CE6-8CAC-D8067FDA172E}.Release|ARM.Deploy.0 = Release|ARM
		{06177661-17A2-4CE6-8CAC-D8067FDA172E}.Release|x64.ActiveCfg = Release|x64
		{06177661-17A2-4CE6-8CAC-D8067FDA172E}.Release|x64.Build.0 = Release|x64
		{06177661-17A2-4CE6-8CAC-D8067FDA172E}.Release|x64.Deploy.0 = Release|x64
		{06177661-17A2-4CE6-8CAC-D8067FDA172E}.Release|x86.ActiveCfg = Release|x86
		{06177661-17A2-4CE6-8CAC-D8067FDA172E}.Release|x86.Build.0 = Release|x86
		{06177661-17A2-4CE6-8CAC-D8067FDA172E}.Release|x86.Deploy.0 = Release|x86
		{7D2C3AEB-6CE2-4D30-94F0-30E3F7399E49}.Debug|ARM.ActiveCfg = Debug|ARM
		{7D2C3AEB-6CE2-4D30-94F0-30E3F7399E49}.Debug|ARM.Build.0 = Debug|ARM
		{7D2C3AEB-6CE2-4D30-94F0-30E3F7399E49}.Debug|ARM.Deploy.0 = Debug|ARM
		{7D2C3AEB-6CE2-4D30-94F0-30E3F7399E49}.Debug|x64.ActiveCfg = Debug|x64
		{7D2C3AEB-6CE2-4D30-94F0-30E3F7399E49}.Debug|x64.Build.0 = Debug|x64
		{7D2C3AEB-6CE2-4D30-94F0-30E3F7399E49}.Debug|x64.Deploy.0 = Debug|x64
		{7D2C3AEB-6CE2-4D30-94F0-30E3F7399E49}.Debug|x86.ActiveCfg = Debug|x86
		{7D2C3AEB-6CE2-4D30-94F0-30E3F7399E49}.Debug|x86.Build.0 = Debug|x86
		{7D2C3AEB-6CE2-4D30-94F0-30E3F7399E49}.Debug|x86.Deploy.0 = Debug|x86
		{7D2C3AEB-6CE2-4D30-94F0-30E3F7399E49}.Release|ARM.ActiveCfg = Release|ARM
		{7D2C3AEB-6CE2-4D30-94F0-30E3F7399E49}.Release|ARM.Build.0 = Release|ARM
		{7D2C3AEB-6CE2-4D30-94F0-30E3F7399E49}.Release|ARM.Deploy.0 = Release|ARM
		{7D2C3AEB-6CE2-4D30-94F0-30E3F7399E49}.Release|x64.ActiveCfg = Release|x64
		{7D2C3AEB-6CE2-4D30-94F0-30E3F7399E49}.Release|x64.Build.0 = Release|x64
		{7D2C3AEB-6CE2-4D30-94F0-30E3F7399E49}.Release|x64.Deploy.0 = Release|x64
		{7D2C3AEB-6CE2-4D30-94F0-30E3F7399E49}.Release|x86.ActiveCfg = Release|x86
		{7D2C3AEB-6CE2-4D30-94F0-30E3F7399E49}.Release|x86.Build.0 = Release|x86
		{7D2C3AEB-6CE2-4D30-94F0-30E3F7399E49}.Release|x86.Deploy.0 = Release|x86
	EndGlobalSection
	GlobalSection(SolutionProperties) = preSolution
		HideSolutionNode = FALSE
	EndGlobalSection
EndGlobal
